# uv.lock - This file is auto-generated by uv
# Do not edit manually

# To regenerate this lock file:
# uv pip compile pyproject.toml -o uv.lock

# Or to sync your environment:
# uv pip sync uv.lock

-e file:.

# Note: Run 'uv pip compile pyproject.toml' to generate the actual lock file
# This is a placeholder to indicate that uv should be used for dependency management
